
Microsoft Visual Studio Solution File, Format Version 12.00
# Visual Studio Version 17
VisualStudioVersion = 17.14.36811.4 d17.14
MinimumVisualStudioVersion = 10.0.40219.1
Project("{FAE04EC0-301F-11D3-BF4B-00C04F79EFBC}") = "begin_12", "begin_12.csproj", "{EDAE7640-97E8-4869-AC56-07B6F5286A01}"
EndProject
Global
	GlobalSection(SolutionConfigurationPlatforms) = preSolution
		Debug|Any CPU = Debug|Any CPU
		Release|Any CPU = Release|Any CPU
	EndGlobalSection
	GlobalSection(ProjectConfigurationPlatforms) = postSolution
		{EDAE7640-97E8-4869-AC56-07B6F5286A01}.Debug|Any CPU.ActiveCfg = Debug|Any CPU
		{EDAE7640-97E8-4869-AC56-07B6F5286A01}.Debug|Any CPU.Build.0 = Debug|Any CPU
		{EDAE7640-97E8-4869-AC56-07B6F5286A01}.Release|Any CPU.ActiveCfg = Release|Any CPU
		{EDAE7640-97E8-4869-AC56-07B6F5286A01}.Release|Any CPU.Build.0 = Release|Any CPU
	EndGlobalSection
	GlobalSection(SolutionProperties) = preSolution
		HideSolutionNode = FALSE
	EndGlobalSection
	GlobalSection(ExtensibilityGlobals) = postSolution
		SolutionGuid = {CC0DC805-7C08-4F58-A4C3-0FACCC59E785}
	EndGlobalSection
EndGlobal
